
Microsoft Visual Studio Solution File, Format Version 12.00
# Visual Studio 14
VisualStudioVersion = 14.0.25420.1
MinimumVisualStudioVersion = 10.0.40219.1
Project("{FAE04EC0-301F-11D3-BF4B-00C04F79EFBC}") = "mooc", "mooc\mooc.csproj", "{0D96A150-C870-49B2-AA48-BFF61C8EAC53}"
EndProject
Project("{FAE04EC0-301F-11D3-BF4B-00C04F79EFBC}") = "ChessBoardModule2", "ChessBoardModule2\ChessBoardModule2.csproj", "{0A0A2514-DB53-4680-BBEC-CD450E092BC2}"
EndProject
Project("{FAE04EC0-301F-11D3-BF4B-00C04F79EFBC}") = "Mooc_Module3", "Mooc_Module3\Mooc_Module3.csproj", "{A254906F-C33C-4916-B7A4-50FDD93CDCC9}"
EndProject
Project("{FAE04EC0-301F-11D3-BF4B-00C04F79EFBC}") = "Mooc_Module4_Practice", "Mooc_Module4\Mooc_Module4_Practice.csproj", "{CF9A71F6-3B5C-4A99-A85B-17D39E0FB3AE}"
EndProject
Project("{FAE04EC0-301F-11D3-BF4B-00C04F79EFBC}") = "Mooc_Module4", "ConsoleApplication1\Mooc_Module4.csproj", "{F725B1F9-847C-48D8-A8C9-5C7C93E06E38}"
EndProject
Project("{FAE04EC0-301F-11D3-BF4B-00C04F79EFBC}") = "Module5", "Module5\Module5.csproj", "{A0621B69-B062-4C07-B2EA-9F7EF3C99366}"
EndProject
Project("{FAE04EC0-301F-11D3-BF4B-00C04F79EFBC}") = "GarbageCollectionPractice", "GarbageCollectionPractice\GarbageCollectionPractice.csproj", "{817C4721-8492-4A86-BCEB-A3B8C1002D13}"
EndProject
Project("{FAE04EC0-301F-11D3-BF4B-00C04F79EFBC}") = "Module6", "Module6\Module6.csproj", "{DEF364DA-1295-402D-9163-6EC41A2EA9F9}"
EndProject
Project("{FAE04EC0-301F-11D3-BF4B-00C04F79EFBC}") = "projet_merlin", "projet_merlin\projet_merlin.csproj", "{13CF44D6-84C4-41D8-B975-E81517624834}"
EndProject
Project("{FAE04EC0-301F-11D3-BF4B-00C04F79EFBC}") = "projet_merlin2", "projet_merlin2\projet_merlin2.csproj", "{6003B33F-E4CD-44BD-8217-EB738FA7C2AD}"
EndProject
Global
	GlobalSection(SolutionConfigurationPlatforms) = preSolution
		Debug|Any CPU = Debug|Any CPU
		Debug|ARM = Debug|ARM
		Debug|x64 = Debug|x64
		Debug|x86 = Debug|x86
		Release|Any CPU = Release|Any CPU
		Release|ARM = Release|ARM
		Release|x64 = Release|x64
		Release|x86 = Release|x86
	EndGlobalSection
	GlobalSection(ProjectConfigurationPlatforms) = postSolution
		{0D96A150-C870-49B2-AA48-BFF61C8EAC53}.Debug|Any CPU.ActiveCfg = Debug|Any CPU
		{0D96A150-C870-49B2-AA48-BFF61C8EAC53}.Debug|Any CPU.Build.0 = Debug|Any CPU
		{0D96A150-C870-49B2-AA48-BFF61C8EAC53}.Debug|ARM.ActiveCfg = Debug|Any CPU
		{0D96A150-C870-49B2-AA48-BFF61C8EAC53}.Debug|x64.ActiveCfg = Debug|Any CPU
		{0D96A150-C870-49B2-AA48-BFF61C8EAC53}.Debug|x86.ActiveCfg = Debug|Any CPU
		{0D96A150-C870-49B2-AA48-BFF61C8EAC53}.Release|Any CPU.ActiveCfg = Release|Any CPU
		{0D96A150-C870-49B2-AA48-BFF61C8EAC53}.Release|Any CPU.Build.0 = Release|Any CPU
		{0D96A150-C870-49B2-AA48-BFF61C8EAC53}.Release|ARM.ActiveCfg = Release|Any CPU
		{0D96A150-C870-49B2-AA48-BFF61C8EAC53}.Release|x64.ActiveCfg = Release|Any CPU
		{0D96A150-C870-49B2-AA48-BFF61C8EAC53}.Release|x86.ActiveCfg = Release|Any CPU
		{0A0A2514-DB53-4680-BBEC-CD450E092BC2}.Debug|Any CPU.ActiveCfg = Debug|Any CPU
		{0A0A2514-DB53-4680-BBEC-CD450E092BC2}.Debug|Any CPU.Build.0 = Debug|Any CPU
		{0A0A2514-DB53-4680-BBEC-CD450E092BC2}.Debug|ARM.ActiveCfg = Debug|Any CPU
		{0A0A2514-DB53-4680-BBEC-CD450E092BC2}.Debug|x64.ActiveCfg = Debug|Any CPU
		{0A0A2514-DB53-4680-BBEC-CD450E092BC2}.Debug|x86.ActiveCfg = Debug|Any CPU
		{0A0A2514-DB53-4680-BBEC-CD450E092BC2}.Release|Any CPU.ActiveCfg = Release|Any CPU
		{0A0A2514-DB53-4680-BBEC-CD450E092BC2}.Release|Any CPU.Build.0 = Release|Any CPU
		{0A0A2514-DB53-4680-BBEC-CD450E092BC2}.Release|ARM.ActiveCfg = Release|Any CPU
		{0A0A2514-DB53-4680-BBEC-CD450E092BC2}.Release|x64.ActiveCfg = Release|Any CPU
		{0A0A2514-DB53-4680-BBEC-CD450E092BC2}.Release|x86.ActiveCfg = Release|Any CPU
		{A254906F-C33C-4916-B7A4-50FDD93CDCC9}.Debug|Any CPU.ActiveCfg = Debug|Any CPU
		{A254906F-C33C-4916-B7A4-50FDD93CDCC9}.Debug|Any CPU.Build.0 = Debug|Any CPU
		{A254906F-C33C-4916-B7A4-50FDD93CDCC9}.Debug|ARM.ActiveCfg = Debug|Any CPU
		{A254906F-C33C-4916-B7A4-50FDD93CDCC9}.Debug|x64.ActiveCfg = Debug|Any CPU
		{A254906F-C33C-4916-B7A4-50FDD93CDCC9}.Debug|x86.ActiveCfg = Debug|Any CPU
		{A254906F-C33C-4916-B7A4-50FDD93CDCC9}.Release|Any CPU.ActiveCfg = Release|Any CPU
		{A254906F-C33C-4916-B7A4-50FDD93CDCC9}.Release|Any CPU.Build.0 = Release|Any CPU
		{A254906F-C33C-4916-B7A4-50FDD93CDCC9}.Release|ARM.ActiveCfg = Release|Any CPU
		{A254906F-C33C-4916-B7A4-50FDD93CDCC9}.Release|x64.ActiveCfg = Release|Any CPU
		{A254906F-C33C-4916-B7A4-50FDD93CDCC9}.Release|x86.ActiveCfg = Release|Any CPU
		{CF9A71F6-3B5C-4A99-A85B-17D39E0FB3AE}.Debug|Any CPU.ActiveCfg = Debug|Any CPU
		{CF9A71F6-3B5C-4A99-A85B-17D39E0FB3AE}.Debug|Any CPU.Build.0 = Debug|Any CPU
		{CF9A71F6-3B5C-4A99-A85B-17D39E0FB3AE}.Debug|ARM.ActiveCfg = Debug|Any CPU
		{CF9A71F6-3B5C-4A99-A85B-17D39E0FB3AE}.Debug|x64.ActiveCfg = Debug|Any CPU
		{CF9A71F6-3B5C-4A99-A85B-17D39E0FB3AE}.Debug|x86.ActiveCfg = Debug|Any CPU
		{CF9A71F6-3B5C-4A99-A85B-17D39E0FB3AE}.Release|Any CPU.ActiveCfg = Release|Any CPU
		{CF9A71F6-3B5C-4A99-A85B-17D39E0FB3AE}.Release|Any CPU.Build.0 = Release|Any CPU
		{CF9A71F6-3B5C-4A99-A85B-17D39E0FB3AE}.Release|ARM.ActiveCfg = Release|Any CPU
		{CF9A71F6-3B5C-4A99-A85B-17D39E0FB3AE}.Release|x64.ActiveCfg = Release|Any CPU
		{CF9A71F6-3B5C-4A99-A85B-17D39E0FB3AE}.Release|x86.ActiveCfg = Release|Any CPU
		{F725B1F9-847C-48D8-A8C9-5C7C93E06E38}.Debug|Any CPU.ActiveCfg = Debug|Any CPU
		{F725B1F9-847C-48D8-A8C9-5C7C93E06E38}.Debug|Any CPU.Build.0 = Debug|Any CPU
		{F725B1F9-847C-48D8-A8C9-5C7C93E06E38}.Debug|ARM.ActiveCfg = Debug|Any CPU
		{F725B1F9-847C-48D8-A8C9-5C7C93E06E38}.Debug|x64.ActiveCfg = Debug|Any CPU
		{F725B1F9-847C-48D8-A8C9-5C7C93E06E38}.Debug|x86.ActiveCfg = Debug|Any CPU
		{F725B1F9-847C-48D8-A8C9-5C7C93E06E38}.Release|Any CPU.ActiveCfg = Release|Any CPU
		{F725B1F9-847C-48D8-A8C9-5C7C93E06E38}.Release|Any CPU.Build.0 = Release|Any CPU
		{F725B1F9-847C-48D8-A8C9-5C7C93E06E38}.Release|ARM.ActiveCfg = Release|Any CPU
		{F725B1F9-847C-48D8-A8C9-5C7C93E06E38}.Release|x64.ActiveCfg = Release|Any CPU
		{F725B1F9-847C-48D8-A8C9-5C7C93E06E38}.Release|x86.ActiveCfg = Release|Any CPU
		{A0621B69-B062-4C07-B2EA-9F7EF3C99366}.Debug|Any CPU.ActiveCfg = Debug|Any CPU
		{A0621B69-B062-4C07-B2EA-9F7EF3C99366}.Debug|Any CPU.Build.0 = Debug|Any CPU
		{A0621B69-B062-4C07-B2EA-9F7EF3C99366}.Debug|ARM.ActiveCfg = Debug|Any CPU
		{A0621B69-B062-4C07-B2EA-9F7EF3C99366}.Debug|x64.ActiveCfg = Debug|Any CPU
		{A0621B69-B062-4C07-B2EA-9F7EF3C99366}.Debug|x86.ActiveCfg = Debug|Any CPU
		{A0621B69-B062-4C07-B2EA-9F7EF3C99366}.Release|Any CPU.ActiveCfg = Release|Any CPU
		{A0621B69-B062-4C07-B2EA-9F7EF3C99366}.Release|Any CPU.Build.0 = Release|Any CPU
		{A0621B69-B062-4C07-B2EA-9F7EF3C99366}.Release|ARM.ActiveCfg = Release|Any CPU
		{A0621B69-B062-4C07-B2EA-9F7EF3C99366}.Release|x64.ActiveCfg = Release|Any CPU
		{A0621B69-B062-4C07-B2EA-9F7EF3C99366}.Release|x86.ActiveCfg = Release|Any CPU
		{817C4721-8492-4A86-BCEB-A3B8C1002D13}.Debug|Any CPU.ActiveCfg = Debug|Any CPU
		{817C4721-8492-4A86-BCEB-A3B8C1002D13}.Debug|Any CPU.Build.0 = Debug|Any CPU
		{817C4721-8492-4A86-BCEB-A3B8C1002D13}.Debug|ARM.ActiveCfg = Debug|Any CPU
		{817C4721-8492-4A86-BCEB-A3B8C1002D13}.Debug|x64.ActiveCfg = Debug|Any CPU
		{817C4721-8492-4A86-BCEB-A3B8C1002D13}.Debug|x86.ActiveCfg = Debug|Any CPU
		{817C4721-8492-4A86-BCEB-A3B8C1002D13}.Release|Any CPU.ActiveCfg = Release|Any CPU
		{817C4721-8492-4A86-BCEB-A3B8C1002D13}.Release|Any CPU.Build.0 = Release|Any CPU
		{817C4721-8492-4A86-BCEB-A3B8C1002D13}.Release|ARM.ActiveCfg = Release|Any CPU
		{817C4721-8492-4A86-BCEB-A3B8C1002D13}.Release|x64.ActiveCfg = Release|Any CPU
		{817C4721-8492-4A86-BCEB-A3B8C1002D13}.Release|x86.ActiveCfg = Release|Any CPU
		{DEF364DA-1295-402D-9163-6EC41A2EA9F9}.Debug|Any CPU.ActiveCfg = Debug|Any CPU
		{DEF364DA-1295-402D-9163-6EC41A2EA9F9}.Debug|Any CPU.Build.0 = Debug|Any CPU
		{DEF364DA-1295-402D-9163-6EC41A2EA9F9}.Debug|ARM.ActiveCfg = Debug|Any CPU
		{DEF364DA-1295-402D-9163-6EC41A2EA9F9}.Debug|x64.ActiveCfg = Debug|Any CPU
		{DEF364DA-1295-402D-9163-6EC41A2EA9F9}.Debug|x86.ActiveCfg = Debug|Any CPU
		{DEF364DA-1295-402D-9163-6EC41A2EA9F9}.Release|Any CPU.ActiveCfg = Release|Any CPU
		{DEF364DA-1295-402D-9163-6EC41A2EA9F9}.Release|Any CPU.Build.0 = Release|Any CPU
		{DEF364DA-1295-402D-9163-6EC41A2EA9F9}.Release|ARM.ActiveCfg = Release|Any CPU
		{DEF364DA-1295-402D-9163-6EC41A2EA9F9}.Release|x64.ActiveCfg = Release|Any CPU
		{DEF364DA-1295-402D-9163-6EC41A2EA9F9}.Release|x86.ActiveCfg = Release|Any CPU
		{13CF44D6-84C4-41D8-B975-E81517624834}.Debug|Any CPU.ActiveCfg = Debug|Any CPU
		{13CF44D6-84C4-41D8-B975-E81517624834}.Debug|Any CPU.Build.0 = Debug|Any CPU
		{13CF44D6-84C4-41D8-B975-E81517624834}.Debug|ARM.ActiveCfg = Debug|Any CPU
		{13CF44D6-84C4-41D8-B975-E81517624834}.Debug|ARM.Build.0 = Debug|Any CPU
		{13CF44D6-84C4-41D8-B975-E81517624834}.Debug|x64.ActiveCfg = Debug|Any CPU
		{13CF44D6-84C4-41D8-B975-E81517624834}.Debug|x64.Build.0 = Debug|Any CPU
		{13CF44D6-84C4-41D8-B975-E81517624834}.Debug|x86.ActiveCfg = Debug|Any CPU
		{13CF44D6-84C4-41D8-B975-E81517624834}.Debug|x86.Build.0 = Debug|Any CPU
		{13CF44D6-84C4-41D8-B975-E81517624834}.Release|Any CPU.ActiveCfg = Release|Any CPU
		{13CF44D6-84C4-41D8-B975-E81517624834}.Release|Any CPU.Build.0 = Release|Any CPU
		{13CF44D6-84C4-41D8-B975-E81517624834}.Release|ARM.ActiveCfg = Release|Any CPU
		{13CF44D6-84C4-41D8-B975-E81517624834}.Release|ARM.Build.0 = Release|Any CPU
		{13CF44D6-84C4-41D8-B975-E81517624834}.Release|x64.ActiveCfg = Release|Any CPU
		{13CF44D6-84C4-41D8-B975-E81517624834}.Release|x64.Build.0 = Release|Any CPU
		{13CF44D6-84C4-41D8-B975-E81517624834}.Release|x86.ActiveCfg = Release|Any CPU
		{13CF44D6-84C4-41D8-B975-E81517624834}.Release|x86.Build.0 = Release|Any CPU
		{6003B33F-E4CD-44BD-8217-EB738FA7C2AD}.Debug|Any CPU.ActiveCfg = Debug|Any CPU
		{6003B33F-E4CD-44BD-8217-EB738FA7C2AD}.Debug|Any CPU.Build.0 = Debug|Any CPU
		{6003B33F-E4CD-44BD-8217-EB738FA7C2AD}.Debug|Any CPU.Deploy.0 = Debug|Any CPU
		{6003B33F-E4CD-44BD-8217-EB738FA7C2AD}.Debug|ARM.ActiveCfg = Debug|ARM
		{6003B33F-E4CD-44BD-8217-EB738FA7C2AD}.Debug|ARM.Build.0 = Debug|ARM
		{6003B33F-E4CD-44BD-8217-EB738FA7C2AD}.Debug|ARM.Deploy.0 = Debug|ARM
		{6003B33F-E4CD-44BD-8217-EB738FA7C2AD}.Debug|x64.ActiveCfg = Debug|x64
		{6003B33F-E4CD-44BD-8217-EB738FA7C2AD}.Debug|x64.Build.0 = Debug|x64
		{6003B33F-E4CD-44BD-8217-EB738FA7C2AD}.Debug|x64.Deploy.0 = Debug|x64
		{6003B33F-E4CD-44BD-8217-EB738FA7C2AD}.Debug|x86.ActiveCfg = Debug|x86
		{6003B33F-E4CD-44BD-8217-EB738FA7C2AD}.Debug|x86.Build.0 = Debug|x86
		{6003B33F-E4CD-44BD-8217-EB738FA7C2AD}.Debug|x86.Deploy.0 = Debug|x86
		{6003B33F-E4CD-44BD-8217-EB738FA7C2AD}.Release|Any CPU.ActiveCfg = Release|Any CPU
		{6003B33F-E4CD-44BD-8217-EB738FA7C2AD}.Release|Any CPU.Build.0 = Release|Any CPU
		{6003B33F-E4CD-44BD-8217-EB738FA7C2AD}.Release|Any CPU.Deploy.0 = Release|Any CPU
		{6003B33F-E4CD-44BD-8217-EB738FA7C2AD}.Release|ARM.ActiveCfg = Release|ARM
		{6003B33F-E4CD-44BD-8217-EB738FA7C2AD}.Release|ARM.Build.0 = Release|ARM
		{6003B33F-E4CD-44BD-8217-EB738FA7C2AD}.Release|ARM.Deploy.0 = Release|ARM
		{6003B33F-E4CD-44BD-8217-EB738FA7C2AD}.Release|x64.ActiveCfg = Release|x64
		{6003B33F-E4CD-44BD-8217-EB738FA7C2AD}.Release|x64.Build.0 = Release|x64
		{6003B33F-E4CD-44BD-8217-EB738FA7C2AD}.Release|x64.Deploy.0 = Release|x64
		{6003B33F-E4CD-44BD-8217-EB738FA7C2AD}.Release|x86.ActiveCfg = Release|x86
		{6003B33F-E4CD-44BD-8217-EB738FA7C2AD}.Release|x86.Build.0 = Release|x86
		{6003B33F-E4CD-44BD-8217-EB738FA7C2AD}.Release|x86.Deploy.0 = Release|x86
	EndGlobalSection
	GlobalSection(SolutionProperties) = preSolution
		HideSolutionNode = FALSE
	EndGlobalSection
EndGlobal
